
Microsoft Visual Studio Solution File, Format Version 12.00
# Visual Studio Version 17
VisualStudioVersion = 17.6.33717.318
MinimumVisualStudioVersion = 10.0.40219.1
Project("{FAE04EC0-301F-11D3-BF4B-00C04F79EFBC}") = "EstructuraEstudiantes2", "EstructuraEstudiantes2\EstructuraEstudiantes2.csproj", "{A0A02284-ED27-48F4-9CD7-93FB4F05163D}"
EndProject
Global
	GlobalSection(SolutionConfigurationPlatforms) = preSolution
		Debug|Any CPU = Debug|Any CPU
		Release|Any CPU = Release|Any CPU
	EndGlobalSection
	GlobalSection(ProjectConfigurationPlatforms) = postSolution
		{A0A02284-ED27-48F4-9CD7-93FB4F05163D}.Debug|Any CPU.ActiveCfg = Debug|Any CPU
		{A0A02284-ED27-48F4-9CD7-93FB4F05163D}.Debug|Any CPU.Build.0 = Debug|Any CPU
		{A0A02284-ED27-48F4-9CD7-93FB4F05163D}.Release|Any CPU.ActiveCfg = Release|Any CPU
		{A0A02284-ED27-48F4-9CD7-93FB4F05163D}.Release|Any CPU.Build.0 = Release|Any CPU
	EndGlobalSection
	GlobalSection(SolutionProperties) = preSolution
		HideSolutionNode = FALSE
	EndGlobalSection
	GlobalSection(ExtensibilityGlobals) = postSolution
		SolutionGuid = {6739448F-5748-4302-8444-91990FD11F24}
	EndGlobalSection
EndGlobal
